
Microsoft Visual Studio Solution File, Format Version 12.00
# Visual Studio Version 17
VisualStudioVersion = 17.10.35013.160
MinimumVisualStudioVersion = 10.0.40219.1
Project("{FAE04EC0-301F-11D3-BF4B-00C04F79EFBC}") = "movie-analysis-application", "movie-analysis-application.csproj", "{170B20DB-A041-4FC9-90C3-706F9ADA58ED}"
EndProject
Global
	GlobalSection(SolutionConfigurationPlatforms) = preSolution
		Debug|Any CPU = Debug|Any CPU
		Release|Any CPU = Release|Any CPU
	EndGlobalSection
	GlobalSection(ProjectConfigurationPlatforms) = postSolution
		{170B20DB-A041-4FC9-90C3-706F9ADA58ED}.Debug|Any CPU.ActiveCfg = Debug|Any CPU
		{170B20DB-A041-4FC9-90C3-706F9ADA58ED}.Debug|Any CPU.Build.0 = Debug|Any CPU
		{170B20DB-A041-4FC9-90C3-706F9ADA58ED}.Release|Any CPU.ActiveCfg = Release|Any CPU
		{170B20DB-A041-4FC9-90C3-706F9ADA58ED}.Release|Any CPU.Build.0 = Release|Any CPU
	EndGlobalSection
	GlobalSection(SolutionProperties) = preSolution
		HideSolutionNode = FALSE
	EndGlobalSection
	GlobalSection(ExtensibilityGlobals) = postSolution
		SolutionGuid = {D0C591A6-AABC-4D4B-ABA2-867D0383733F}
	EndGlobalSection
EndGlobal
